// !$*UTF8*$!
{
	archiveVersion = 1;
	classes = {
	};
	objectVersion = 56;
	objects = {

/* Begin PBXBuildFile section */
		DCE491932A69125300888C0B /* Gold_LoanApp.swift in Sources */ = {isa = PBXBuildFile; fileRef = DCE491922A69125300888C0B /* Gold_LoanApp.swift */; };
		DCE491952A69125300888C0B /* ContentView.swift in Sources */ = {isa = PBXBuildFile; fileRef = DCE491942A69125300888C0B /* ContentView.swift */; };
		DCE491972A69125400888C0B /* Assets.xcassets in Resources */ = {isa = PBXBuildFile; fileRef = DCE491962A69125400888C0B /* Assets.xcassets */; };
		DCE4919A2A69125400888C0B /* Preview Assets.xcassets in Resources */ = {isa = PBXBuildFile; fileRef = DCE491992A69125400888C0B /* Preview Assets.xcassets */; };
		DCE491A42A69125400888C0B /* Gold_LoanTests.swift in Sources */ = {isa = PBXBuildFile; fileRef = DCE491A32A69125400888C0B /* Gold_LoanTests.swift */; };
		DCE491AE2A69125400888C0B /* Gold_LoanUITests.swift in Sources */ = {isa = PBXBuildFile; fileRef = DCE491AD2A69125400888C0B /* Gold_LoanUITests.swift */; };
		DCE491B02A69125400888C0B /* Gold_LoanUITestsLaunchTests.swift in Sources */ = {isa = PBXBuildFile; fileRef = DCE491AF2A69125400888C0B /* Gold_LoanUITestsLaunchTests.swift */; };
/* End PBXBuildFile section */

/* Begin PBXContainerItemProxy section */
		DCE491A02A69125400888C0B /* PBXContainerItemProxy */ = {
			isa = PBXContainerItemProxy;
			containerPortal = DCE491872A69125300888C0B /* Project object */;
			proxyType = 1;
			remoteGlobalIDString = DCE4918E2A69125300888C0B;
			remoteInfo = "Gold Loan";
		};
		DCE491AA2A69125400888C0B /* PBXContainerItemProxy */ = {
			isa = PBXContainerItemProxy;
			containerPortal = DCE491872A69125300888C0B /* Project object */;
			proxyType = 1;
			remoteGlobalIDString = DCE4918E2A69125300888C0B;
			remoteInfo = "Gold Loan";
		};
/* End PBXContainerItemProxy section */

/* Begin PBXFileReference section */
		DCE4918F2A69125300888C0B /* Gold Loan.app */ = {isa = PBXFileReference; explicitFileType = wrapper.application; includeInIndex = 0; path = "Gold Loan.app"; sourceTree = BUILT_PRODUCTS_DIR; };
		DCE491922A69125300888C0B /* Gold_LoanApp.swift */ = {isa = PBXFileReference; lastKnownFileType = sourcecode.swift; path = Gold_LoanApp.swift; sourceTree = "<group>"; };
		DCE491942A69125300888C0B /* ContentView.swift */ = {isa = PBXFileReference; lastKnownFileType = sourcecode.swift; path = ContentView.swift; sourceTree = "<group>"; };
		DCE491962A69125400888C0B /* Assets.xcassets */ = {isa = PBXFileReference; lastKnownFileType = folder.assetcatalog; path = Assets.xcassets; sourceTree = "<group>"; };
		DCE491992A69125400888C0B /* Preview Assets.xcassets */ = {isa = PBXFileReference; lastKnownFileType = folder.assetcatalog; path = "Preview Assets.xcassets"; sourceTree = "<group>"; };
		DCE4919F2A69125400888C0B /* Gold LoanTests.xctest */ = {isa = PBXFileReference; explicitFileType = wrapper.cfbundle; includeInIndex = 0; path = "Gold LoanTests.xctest"; sourceTree = BUILT_PRODUCTS_DIR; };
		DCE491A32A69125400888C0B /* Gold_LoanTests.swift */ = {isa = PBXFileReference; lastKnownFileType = sourcecode.swift; path = Gold_LoanTests.swift; sourceTree = "<group>"; };
		DCE491A92A69125400888C0B /* Gold LoanUITests.xctest */ = {isa = PBXFileReference; explicitFileType = wrapper.cfbundle; includeInIndex = 0; path = "Gold LoanUITests.xctest"; sourceTree = BUILT_PRODUCTS_DIR; };
		DCE491AD2A69125400888C0B /* Gold_LoanUITests.swift */ = {isa = PBXFileReference; lastKnownFileType = sourcecode.swift; path = Gold_LoanUITests.swift; sourceTree = "<group>"; };
		DCE491AF2A69125400888C0B /* Gold_LoanUITestsLaunchTests.swift */ = {isa = PBXFileReference; lastKnownFileType = sourcecode.swift; path = Gold_LoanUITestsLaunchTests.swift; sourceTree = "<group>"; };
/* End PBXFileReference section */

/* Begin PBXFrameworksBuildPhase section */
		DCE4918C2A69125300888C0B /* Frameworks */ = {
			isa = PBXFrameworksBuildPhase;
			buildActionMask = 2147483647;
			files = (
			);
			runOnlyForDeploymentPostprocessing = 0;
		};
		DCE4919C2A69125400888C0B /* Frameworks */ = {
			isa = PBXFrameworksBuildPhase;
			buildActionMask = 2147483647;
			files = (
			);
			runOnlyForDeploymentPostprocessing = 0;
		};
		DCE491A62A69125400888C0B /* Frameworks */ = {
			isa = PBXFrameworksBuildPhase;
			buildActionMask = 2147483647;
			files = (
			);
			runOnlyForDeploymentPostprocessing = 0;
		};
/* End PBXFrameworksBuildPhase section */

/* Begin PBXGroup section */
		DCE491862A69125300888C0B = {
			isa = PBXGroup;
			children = (
				DCE491912A69125300888C0B /* Gold Loan */,
				DCE491A22A69125400888C0B /* Gold LoanTests */,
				DCE491AC2A69125400888C0B /* Gold LoanUITests */,
				DCE491902A69125300888C0B /* Products */,
			);
			sourceTree = "<group>";
		};
		DCE491902A69125300888C0B /* Products */ = {
			isa = PBXGroup;
			children = (
				DCE4918F2A69125300888C0B /* Gold Loan.app */,
				DCE4919F2A69125400888C0B /* Gold LoanTests.xctest */,
				DCE491A92A69125400888C0B /* Gold LoanUITests.xctest */,
			);
			name = Products;
			sourceTree = "<group>";
		};
		DCE491912A69125300888C0B /* Gold Loan */ = {
			isa = PBXGroup;
			children = (
				DCE491922A69125300888C0B /* Gold_LoanApp.swift */,
				DCE491942A69125300888C0B /* ContentView.swift */,
				DCE491962A69125400888C0B /* Assets.xcassets */,
				DCE491982A69125400888C0B /* Preview Content */,
			);
			path = "Gold Loan";
			sourceTree = "<group>";
		};
		DCE491982A69125400888C0B /* Preview Content */ = {
			isa = PBXGroup;
			children = (
				DCE491992A69125400888C0B /* Preview Assets.xcassets */,
			);
			path = "Preview Content";
			sourceTree = "<group>";
		};
		DCE491A22A69125400888C0B /* Gold LoanTests */ = {
			isa = PBXGroup;
			children = (
				DCE491A32A69125400888C0B /* Gold_LoanTests.swift */,
			);
			path = "Gold LoanTests";
			sourceTree = "<group>";
		};
		DCE491AC2A69125400888C0B /* Gold LoanUITests */ = {
			isa = PBXGroup;
			children = (
				DCE491AD2A69125400888C0B /* Gold_LoanUITests.swift */,
				DCE491AF2A69125400888C0B /* Gold_LoanUITestsLaunchTests.swift */,
			);
			path = "Gold LoanUITests";
			sourceTree = "<group>";
		};
/* End PBXGroup section */

/* Begin PBXNativeTarget section */
		DCE4918E2A69125300888C0B /* Gold Loan */ = {
			isa = PBXNativeTarget;
			buildConfigurationList = DCE491B32A69125400888C0B /* Build configuration list for PBXNativeTarget "Gold Loan" */;
			buildPhases = (
				DCE4918B2A69125300888C0B /* Sources */,
				DCE4918C2A69125300888C0B /* Frameworks */,
				DCE4918D2A69125300888C0B /* Resources */,
			);
			buildRules = (
			);
			dependencies = (
			);
			name = "Gold Loan";
			productName = "Gold Loan";
			productReference = DCE4918F2A69125300888C0B /* Gold Loan.app */;
			productType = "com.apple.product-type.application";
		};
		DCE4919E2A69125400888C0B /* Gold LoanTests */ = {
			isa = PBXNativeTarget;
			buildConfigurationList = DCE491B62A69125400888C0B /* Build configuration list for PBXNativeTarget "Gold LoanTests" */;
			buildPhases = (
				DCE4919B2A69125400888C0B /* Sources */,
				DCE4919C2A69125400888C0B /* Frameworks */,
				DCE4919D2A69125400888C0B /* Resources */,
			);
			buildRules = (
			);
			dependencies = (
				DCE491A12A69125400888C0B /* PBXTargetDependency */,
			);
			name = "Gold LoanTests";
			productName = "Gold LoanTests";
			productReference = DCE4919F2A69125400888C0B /* Gold LoanTests.xctest */;
			productType = "com.apple.product-type.bundle.unit-test";
		};
		DCE491A82A69125400888C0B /* Gold LoanUITests */ = {
			isa = PBXNativeTarget;
			buildConfigurationList = DCE491B92A69125400888C0B /* Build configuration list for PBXNativeTarget "Gold LoanUITests" */;
			buildPhases = (
				DCE491A52A69125400888C0B /* Sources */,
				DCE491A62A69125400888C0B /* Frameworks */,
				DCE491A72A69125400888C0B /* Resources */,
			);
			buildRules = (
			);
			dependencies = (
				DCE491AB2A69125400888C0B /* PBXTargetDependency */,
			);
			name = "Gold LoanUITests";
			productName = "Gold LoanUITests";
			productReference = DCE491A92A69125400888C0B /* Gold LoanUITests.xctest */;
			productType = "com.apple.product-type.bundle.ui-testing";
		};
/* End PBXNativeTarget section */

/* Begin PBXProject section */
		DCE491872A69125300888C0B /* Project object */ = {
			isa = PBXProject;
			attributes = {
				BuildIndependentTargetsInParallel = 1;
				LastSwiftUpdateCheck = 1430;
				LastUpgradeCheck = 1430;
				TargetAttributes = {
					DCE4918E2A69125300888C0B = {
						CreatedOnToolsVersion = 14.3.1;
					};
					DCE4919E2A69125400888C0B = {
						CreatedOnToolsVersion = 14.3.1;
						TestTargetID = DCE4918E2A69125300888C0B;
					};
					DCE491A82A69125400888C0B = {
						CreatedOnToolsVersion = 14.3.1;
						TestTargetID = DCE4918E2A69125300888C0B;
					};
				};
			};
			buildConfigurationList = DCE4918A2A69125300888C0B /* Build configuration list for PBXProject "Gold Loan" */;
			compatibilityVersion = "Xcode 14.0";
			developmentRegion = en;
			hasScannedForEncodings = 0;
			knownRegions = (
				en,
				Base,
			);
			mainGroup = DCE491862A69125300888C0B;
			productRefGroup = DCE491902A69125300888C0B /* Products */;
			projectDirPath = "";
			projectRoot = "";
			targets = (
				DCE4918E2A69125300888C0B /* Gold Loan */,
				DCE4919E2A69125400888C0B /* Gold LoanTests */,
				DCE491A82A69125400888C0B /* Gold LoanUITests */,
			);
		};
/* End PBXProject section */

/* Begin PBXResourcesBuildPhase section */
		DCE4918D2A69125300888C0B /* Resources */ = {
			isa = PBXResourcesBuildPhase;
			buildActionMask = 2147483647;
			files = (
				DCE4919A2A69125400888C0B /* Preview Assets.xcassets in Resources */,
				DCE491972A69125400888C0B /* Assets.xcassets in Resources */,
			);
			runOnlyForDeploymentPostprocessing = 0;
		};
		DCE4919D2A69125400888C0B /* Resources */ = {
			isa = PBXResourcesBuildPhase;
			buildActionMask = 2147483647;
			files = (
			);
			runOnlyForDeploymentPostprocessing = 0;
		};
		DCE491A72A69125400888C0B /* Resources */ = {
			isa = PBXResourcesBuildPhase;
			buildActionMask = 2147483647;
			files = (
			);
			runOnlyForDeploymentPostprocessing = 0;
		};
/* End PBXResourcesBuildPhase section */

/* Begin PBXSourcesBuildPhase section */
		DCE4918B2A69125300888C0B /* Sources */ = {
			isa = PBXSourcesBuildPhase;
			buildActionMask = 2147483647;
			files = (
				DCE491952A69125300888C0B /* ContentView.swift in Sources */,
				DCE491932A69125300888C0B /* Gold_LoanApp.swift in Sources */,
			);
			runOnlyForDeploymentPostprocessing = 0;
		};
		DCE4919B2A69125400888C0B /* Sources */ = {
			isa = PBXSourcesBuildPhase;
			buildActionMask = 2147483647;
			files = (
				DCE491A42A69125400888C0B /* Gold_LoanTests.swift in Sources */,
			);
			runOnlyForDeploymentPostprocessing = 0;
		};
		DCE491A52A69125400888C0B /* Sources */ = {
			isa = PBXSourcesBuildPhase;
			buildActionMask = 2147483647;
			files = (
				DCE491B02A69125400888C0B /* Gold_LoanUITestsLaunchTests.swift in Sources */,
				DCE491AE2A69125400888C0B /* Gold_LoanUITests.swift in Sources */,
			);
			runOnlyForDeploymentPostprocessing = 0;
		};
/* End PBXSourcesBuildPhase section */

/* Begin PBXTargetDependency section */
		DCE491A12A69125400888C0B /* PBXTargetDependency */ = {
			isa = PBXTargetDependency;
			target = DCE4918E2A69125300888C0B /* Gold Loan */;
			targetProxy = DCE491A02A69125400888C0B /* PBXContainerItemProxy */;
		};
		DCE491AB2A69125400888C0B /* PBXTargetDependency */ = {
			isa = PBXTargetDependency;
			target = DCE4918E2A69125300888C0B /* Gold Loan */;
			targetProxy = DCE491AA2A69125400888C0B /* PBXContainerItemProxy */;
		};
/* End PBXTargetDependency section */

/* Begin XCBuildConfiguration section */
		DCE491B12A69125400888C0B /* Debug */ = {
			isa = XCBuildConfiguration;
			buildSettings = {
				ALWAYS_SEARCH_USER_PATHS = NO;
				CLANG_ANALYZER_NONNULL = YES;
				CLANG_ANALYZER_NUMBER_OBJECT_CONVERSION = YES_AGGRESSIVE;
				CLANG_CXX_LANGUAGE_STANDARD = "gnu++20";
				CLANG_ENABLE_MODULES = YES;
				CLANG_ENABLE_OBJC_ARC = YES;
				CLANG_ENABLE_OBJC_WEAK = YES;
				CLANG_WARN_BLOCK_CAPTURE_AUTORELEASING = YES;
				CLANG_WARN_BOOL_CONVERSION = YES;
				CLANG_WARN_COMMA = YES;
				CLANG_WARN_CONSTANT_CONVERSION = YES;
				CLANG_WARN_DEPRECATED_OBJC_IMPLEMENTATIONS = YES;
				CLANG_WARN_DIRECT_OBJC_ISA_USAGE = YES_ERROR;
				CLANG_WARN_DOCUMENTATION_COMMENTS = YES;
				CLANG_WARN_EMPTY_BODY = YES;
				CLANG_WARN_ENUM_CONVERSION = YES;
				CLANG_WARN_INFINITE_RECURSION = YES;
				CLANG_WARN_INT_CONVERSION = YES;
				CLANG_WARN_NON_LITERAL_NULL_CONVERSION = YES;
				CLANG_WARN_OBJC_IMPLICIT_RETAIN_SELF = YES;
				CLANG_WARN_OBJC_LITERAL_CONVERSION = YES;
				CLANG_WARN_OBJC_ROOT_CLASS = YES_ERROR;
				CLANG_WARN_QUOTED_INCLUDE_IN_FRAMEWORK_HEADER = YES;
				CLANG_WARN_RANGE_LOOP_ANALYSIS = YES;
				CLANG_WARN_STRICT_PROTOTYPES = YES;
				CLANG_WARN_SUSPICIOUS_MOVE = YES;
				CLANG_WARN_UNGUARDED_AVAILABILITY = YES_AGGRESSIVE;
				CLANG_WARN_UNREACHABLE_CODE = YES;
				CLANG_WARN__DUPLICATE_METHOD_MATCH = YES;
				COPY_PHASE_STRIP = NO;
				DEBUG_INFORMATION_FORMAT = dwarf;
				ENABLE_STRICT_OBJC_MSGSEND = YES;
				ENABLE_TESTABILITY = YES;
				GCC_C_LANGUAGE_STANDARD = gnu11;
				GCC_DYNAMIC_NO_PIC = NO;
				GCC_NO_COMMON_BLOCKS = YES;
				GCC_OPTIMIZATION_LEVEL = 0;
				GCC_PREPROCESSOR_DEFINITIONS = (
					"DEBUG=1",
					"$(inherited)",
				);
				GCC_WARN_64_TO_32_BIT_CONVERSION = YES;
				GCC_WARN_ABOUT_RETURN_TYPE = YES_ERROR;
				GCC_WARN_UNDECLARED_SELECTOR = YES;
				GCC_WARN_UNINITIALIZED_AUTOS = YES_AGGRESSIVE;
				GCC_WARN_UNUSED_FUNCTION = YES;
				GCC_WARN_UNUSED_VARIABLE = YES;
				IPHONEOS_DEPLOYMENT_TARGET = 16.4;
				MTL_ENABLE_DEBUG_INFO = INCLUDE_SOURCE;
				MTL_FAST_MATH = YES;
				ONLY_ACTIVE_ARCH = YES;
				SDKROOT = iphoneos;
				SWIFT_ACTIVE_COMPILATION_CONDITIONS = DEBUG;
				SWIFT_OPTIMIZATION_LEVEL = "-Onone";
			};
			name = Debug;
		};
		DCE491B22A69125400888C0B /* Release */ = {
			isa = XCBuildConfiguration;
			buildSettings = {
				ALWAYS_SEARCH_USER_PATHS = NO;
				CLANG_ANALYZER_NONNULL = YES;
				CLANG_ANALYZER_NUMBER_OBJECT_CONVERSION = YES_AGGRESSIVE;
				CLANG_CXX_LANGUAGE_STANDARD = "gnu++20";
				CLANG_ENABLE_MODULES = YES;
				CLANG_ENABLE_OBJC_ARC = YES;
				CLANG_ENABLE_OBJC_WEAK = YES;
				CLANG_WARN_BLOCK_CAPTURE_AUTORELEASING = YES;
				CLANG_WARN_BOOL_CONVERSION = YES;
				CLANG_WARN_COMMA = YES;
				CLANG_WARN_CONSTANT_CONVERSION = YES;
				CLANG_WARN_DEPRECATED_OBJC_IMPLEMENTATIONS = YES;
				CLANG_WARN_DIRECT_OBJC_ISA_USAGE = YES_ERROR;
				CLANG_WARN_DOCUMENTATION_COMMENTS = YES;
				CLANG_WARN_EMPTY_BODY = YES;
				CLANG_WARN_ENUM_CONVERSION = YES;
				CLANG_WARN_INFINITE_RECURSION = YES;
				CLANG_WARN_INT_CONVERSION = YES;
				CLANG_WARN_NON_LITERAL_NULL_CONVERSION = YES;
				CLANG_WARN_OBJC_IMPLICIT_RETAIN_SELF = YES;
				CLANG_WARN_OBJC_LITERAL_CONVERSION = YES;
				CLANG_WARN_OBJC_ROOT_CLASS = YES_ERROR;
				CLANG_WARN_QUOTED_INCLUDE_IN_FRAMEWORK_HEADER = YES;
				CLANG_WARN_RANGE_LOOP_ANALYSIS = YES;
				CLANG_WARN_STRICT_PROTOTYPES = YES;
				CLANG_WARN_SUSPICIOUS_MOVE = YES;
				CLANG_WARN_UNGUARDED_AVAILABILITY = YES_AGGRESSIVE;
				CLANG_WARN_UNREACHABLE_CODE = YES;
				CLANG_WARN__DUPLICATE_METHOD_MATCH = YES;
				COPY_PHASE_STRIP = NO;
				DEBUG_INFORMATION_FORMAT = "dwarf-with-dsym";
				ENABLE_NS_ASSERTIONS = NO;
				ENABLE_STRICT_OBJC_MSGSEND = YES;
				GCC_C_LANGUAGE_STANDARD = gnu11;
				GCC_NO_COMMON_BLOCKS = YES;
				GCC_WARN_64_TO_32_BIT_CONVERSION = YES;
				GCC_WARN_ABOUT_RETURN_TYPE = YES_ERROR;
				GCC_WARN_UNDECLARED_SELECTOR = YES;
				GCC_WARN_UNINITIALIZED_AUTOS = YES_AGGRESSIVE;
				GCC_WARN_UNUSED_FUNCTION = YES;
				GCC_WARN_UNUSED_VARIABLE = YES;
				IPHONEOS_DEPLOYMENT_TARGET = 16.4;
				MTL_ENABLE_DEBUG_INFO = NO;
				MTL_FAST_MATH = YES;
				SDKROOT = iphoneos;
				SWIFT_COMPILATION_MODE = wholemodule;
				SWIFT_OPTIMIZATION_LEVEL = "-O";
				VALIDATE_PRODUCT = YES;
			};
			name = Release;
		};
		DCE491B42A69125400888C0B /* Debug */ = {
			isa = XCBuildConfiguration;
			buildSettings = {
				ASSETCATALOG_COMPILER_APPICON_NAME = AppIcon;
				ASSETCATALOG_COMPILER_GLOBAL_ACCENT_COLOR_NAME = AccentColor;
				CODE_SIGN_STYLE = Automatic;
				CURRENT_PROJECT_VERSION = 1;
				DEVELOPMENT_ASSET_PATHS = "\"Gold Loan/Preview Content\"";
				DEVELOPMENT_TEAM = NL5777XXRZ;
				ENABLE_PREVIEWS = YES;
				GENERATE_INFOPLIST_FILE = YES;
				INFOPLIST_KEY_UIApplicationSceneManifest_Generation = YES;
				INFOPLIST_KEY_UIApplicationSupportsIndirectInputEvents = YES;
				INFOPLIST_KEY_UILaunchScreen_Generation = YES;
				INFOPLIST_KEY_UISupportedInterfaceOrientations_iPad = "UIInterfaceOrientationPortrait UIInterfaceOrientationPortraitUpsideDown UIInterfaceOrientationLandscapeLeft UIInterfaceOrientationLandscapeRight";
				INFOPLIST_KEY_UISupportedInterfaceOrientations_iPhone = "UIInterfaceOrientationPortrait UIInterfaceOrientationLandscapeLeft UIInterfaceOrientationLandscapeRight";
				IPHONEOS_DEPLOYMENT_TARGET = 16.2;
				LD_RUNPATH_SEARCH_PATHS = (
					"$(inherited)",
					"@executable_path/Frameworks",
				);
				MARKETING_VERSION = 1.0;
				PRODUCT_BUNDLE_IDENTIFIER = "kb.Gold-Loan";
				PRODUCT_NAME = "$(TARGET_NAME)";
				SWIFT_EMIT_LOC_STRINGS = YES;
				SWIFT_VERSION = 5.0;
				TARGETED_DEVICE_FAMILY = "1,2";
			};
			name = Debug;
		};
		DCE491B52A69125400888C0B /* Release */ = {
			isa = XCBuildConfiguration;
			buildSettings = {
				ASSETCATALOG_COMPILER_APPICON_NAME = AppIcon;
				ASSETCATALOG_COMPILER_GLOBAL_ACCENT_COLOR_NAME = AccentColor;
				CODE_SIGN_STYLE = Automatic;
				CURRENT_PROJECT_VERSION = 1;
				DEVELOPMENT_ASSET_PATHS = "\"Gold Loan/Preview Content\"";
				DEVELOPMENT_TEAM = NL5777XXRZ;
				ENABLE_PREVIEWS = YES;
				GENERATE_INFOPLIST_FILE = YES;
				INFOPLIST_KEY_UIApplicationSceneManifest_Generation = YES;
				INFOPLIST_KEY_UIApplicationSupportsIndirectInputEvents = YES;
				INFOPLIST_KEY_UILaunchScreen_Generation = YES;
				INFOPLIST_KEY_UISupportedInterfaceOrientations_iPad = "UIInterfaceOrientationPortrait UIInterfaceOrientationPortraitUpsideDown UIInterfaceOrientationLandscapeLeft UIInterfaceOrientationLandscapeRight";
				INFOPLIST_KEY_UISupportedInterfaceOrientations_iPhone = "UIInterfaceOrientationPortrait UIInterfaceOrientationLandscapeLeft UIInterfaceOrientationLandscapeRight";
				IPHONEOS_DEPLOYMENT_TARGET = 16.2;
				LD_RUNPATH_SEARCH_PATHS = (
					"$(inherited)",
					"@executable_path/Frameworks",
				);
				MARKETING_VERSION = 1.0;
				PRODUCT_BUNDLE_IDENTIFIER = "kb.Gold-Loan";
				PRODUCT_NAME = "$(TARGET_NAME)";
				SWIFT_EMIT_LOC_STRINGS = YES;
				SWIFT_VERSION = 5.0;
				TARGETED_DEVICE_FAMILY = "1,2";
			};
			name = Release;
		};
		DCE491B72A69125400888C0B /* Debug */ = {
			isa = XCBuildConfiguration;
			buildSettings = {
				ALWAYS_EMBED_SWIFT_STANDARD_LIBRARIES = YES;
				BUNDLE_LOADER = "$(TEST_HOST)";
				CODE_SIGN_STYLE = Automatic;
				CURRENT_PROJECT_VERSION = 1;
				GENERATE_INFOPLIST_FILE = YES;
				IPHONEOS_DEPLOYMENT_TARGET = 16.4;
				MARKETING_VERSION = 1.0;
				PRODUCT_BUNDLE_IDENTIFIER = "kb.Gold-LoanTests";
				PRODUCT_NAME = "$(TARGET_NAME)";
				SWIFT_EMIT_LOC_STRINGS = NO;
				SWIFT_VERSION = 5.0;
				TARGETED_DEVICE_FAMILY = "1,2";
				TEST_HOST = "$(BUILT_PRODUCTS_DIR)/Gold Loan.app/$(BUNDLE_EXECUTABLE_FOLDER_PATH)/Gold Loan";
			};
			name = Debug;
		};
		DCE491B82A69125400888C0B /* Release */ = {
			isa = XCBuildConfiguration;
			buildSettings = {
				ALWAYS_EMBED_SWIFT_STANDARD_LIBRARIES = YES;
				BUNDLE_LOADER = "$(TEST_HOST)";
				CODE_SIGN_STYLE = Automatic;
				CURRENT_PROJECT_VERSION = 1;
				GENERATE_INFOPLIST_FILE = YES;
				IPHONEOS_DEPLOYMENT_TARGET = 16.4;
				MARKETING_VERSION = 1.0;
				PRODUCT_BUNDLE_IDENTIFIER = "kb.Gold-LoanTests";
				PRODUCT_NAME = "$(TARGET_NAME)";
				SWIFT_EMIT_LOC_STRINGS = NO;
				SWIFT_VERSION = 5.0;
				TARGETED_DEVICE_FAMILY = "1,2";
				TEST_HOST = "$(BUILT_PRODUCTS_DIR)/Gold Loan.app/$(BUNDLE_EXECUTABLE_FOLDER_PATH)/Gold Loan";
			};
			name = Release;
		};
		DCE491BA2A69125400888C0B /* Debug */ = {
			isa = XCBuildConfiguration;
			buildSettings = {
				ALWAYS_EMBED_SWIFT_STANDARD_LIBRARIES = YES;
				CODE_SIGN_STYLE = Automatic;
				CURRENT_PROJECT_VERSION = 1;
				GENERATE_INFOPLIST_FILE = YES;
				MARKETING_VERSION = 1.0;
				PRODUCT_BUNDLE_IDENTIFIER = "kb.Gold-LoanUITests";
				PRODUCT_NAME = "$(TARGET_NAME)";
				SWIFT_EMIT_LOC_STRINGS = NO;
				SWIFT_VERSION = 5.0;
				TARGETED_DEVICE_FAMILY = "1,2";
				TEST_TARGET_NAME = "Gold Loan";
			};
			name = Debug;
		};
		DCE491BB2A69125400888C0B /* Release */ = {
			isa = XCBuildConfiguration;
			buildSettings = {
				ALWAYS_EMBED_SWIFT_STANDARD_LIBRARIES = YES;
				CODE_SIGN_STYLE = Automatic;
				CURRENT_PROJECT_VERSION = 1;
				GENERATE_INFOPLIST_FILE = YES;
				MARKETING_VERSION = 1.0;
				PRODUCT_BUNDLE_IDENTIFIER = "kb.Gold-LoanUITests";
				PRODUCT_NAME = "$(TARGET_NAME)";
				SWIFT_EMIT_LOC_STRINGS = NO;
				SWIFT_VERSION = 5.0;
				TARGETED_DEVICE_FAMILY = "1,2";
				TEST_TARGET_NAME = "Gold Loan";
			};
			name = Release;
		};
/* End XCBuildConfiguration section */

/* Begin XCConfigurationList section */
		DCE4918A2A69125300888C0B /* Build configuration list for PBXProject "Gold Loan" */ = {
			isa = XCConfigurationList;
			buildConfigurations = (
				DCE491B12A69125400888C0B /* Debug */,
				DCE491B22A69125400888C0B /* Release */,
			);
			defaultConfigurationIsVisible = 0;
			defaultConfigurationName = Release;
		};
		DCE491B32A69125400888C0B /* Build configuration list for PBXNativeTarget "Gold Loan" */ = {
			isa = XCConfigurationList;
			buildConfigurations = (
				DCE491B42A69125400888C0B /* Debug */,
				DCE491B52A69125400888C0B /* Release */,
			);
			defaultConfigurationIsVisible = 0;
			defaultConfigurationName = Release;
		};
		DCE491B62A69125400888C0B /* Build configuration list for PBXNativeTarget "Gold LoanTests" */ = {
			isa = XCConfigurationList;
			buildConfigurations = (
				DCE491B72A69125400888C0B /* Debug */,
				DCE491B82A69125400888C0B /* Release */,
			);
			defaultConfigurationIsVisible = 0;
			defaultConfigurationName = Release;
		};
		DCE491B92A69125400888C0B /* Build configuration list for PBXNativeTarget "Gold LoanUITests" */ = {
			isa = XCConfigurationList;
			buildConfigurations = (
				DCE491BA2A69125400888C0B /* Debug */,
				DCE491BB2A69125400888C0B /* Release */,
			);
			defaultConfigurationIsVisible = 0;
			defaultConfigurationName = Release;
		};
/* End XCConfigurationList section */
	};
	rootObject = DCE491872A69125300888C0B /* Project object */;
}
